// !$*UTF8*$!
{
	archiveVersion = 1;
	classes = {
	};
	objectVersion = 56;
	objects = {

/* Begin PBXBuildFile section */
		A10000001 /* AppDelegate.swift in Sources */ = {isa = PBXBuildFile; fileRef = B10000001 /* AppDelegate.swift */; };
		A10000002 /* SceneDelegate.swift in Sources */ = {isa = PBXBuildFile; fileRef = B10000002 /* SceneDelegate.swift */; };
		A10000003 /* GameViewController.swift in Sources */ = {isa = PBXBuildFile; fileRef = B10000003 /* GameViewController.swift */; };
		A10000004 /* TitleScene.swift in Sources */ = {isa = PBXBuildFile; fileRef = B10000004 /* TitleScene.swift */; };
		A10000005 /* ProfileSelectScene.swift in Sources */ = {isa = PBXBuildFile; fileRef = B10000005 /* ProfileSelectScene.swift */; };
		A10000006 /* GameScene.swift in Sources */ = {isa = PBXBuildFile; fileRef = B10000006 /* GameScene.swift */; };
		A10000007 /* LevelClearScene.swift in Sources */ = {isa = PBXBuildFile; fileRef = B10000007 /* LevelClearScene.swift */; };
		A10000008 /* GameOverScene.swift in Sources */ = {isa = PBXBuildFile; fileRef = B10000008 /* GameOverScene.swift */; };
		A10000009 /* PlayerShip.swift in Sources */ = {isa = PBXBuildFile; fileRef = B10000009 /* PlayerShip.swift */; };
		A10000010 /* BeamGrid.swift in Sources */ = {isa = PBXBuildFile; fileRef = B10000010 /* BeamGrid.swift */; };
		A10000011 /* NumberEnemy.swift in Sources */ = {isa = PBXBuildFile; fileRef = B10000011 /* NumberEnemy.swift */; };
		A10000012 /* LaserBeam.swift in Sources */ = {isa = PBXBuildFile; fileRef = B10000012 /* LaserBeam.swift */; };
		A10000013 /* Torpedo.swift in Sources */ = {isa = PBXBuildFile; fileRef = B10000013 /* Torpedo.swift */; };
		A10000014 /* Explosion.swift in Sources */ = {isa = PBXBuildFile; fileRef = B10000014 /* Explosion.swift */; };
		A10000015 /* StarField.swift in Sources */ = {isa = PBXBuildFile; fileRef = B10000015 /* StarField.swift */; };
		A10000016 /* ConfettiNode.swift in Sources */ = {isa = PBXBuildFile; fileRef = B10000016 /* ConfettiNode.swift */; };
		A10000017 /* SectorSentinel.swift in Sources */ = {isa = PBXBuildFile; fileRef = B10000017 /* SectorSentinel.swift */; };
		A10000018 /* GameManager.swift in Sources */ = {isa = PBXBuildFile; fileRef = B10000018 /* GameManager.swift */; };
		A10000019 /* MathEngine.swift in Sources */ = {isa = PBXBuildFile; fileRef = B10000019 /* MathEngine.swift */; };
		A10000020 /* WaveManager.swift in Sources */ = {isa = PBXBuildFile; fileRef = B10000020 /* WaveManager.swift */; };
		A10000021 /* AudioManager.swift in Sources */ = {isa = PBXBuildFile; fileRef = B10000021 /* AudioManager.swift */; };
		A10000022 /* ProgressManager.swift in Sources */ = {isa = PBXBuildFile; fileRef = B10000022 /* ProgressManager.swift */; };
		A10000023 /* AdaptiveDifficulty.swift in Sources */ = {isa = PBXBuildFile; fileRef = B10000023 /* AdaptiveDifficulty.swift */; };
		A10000024 /* MathProblem.swift in Sources */ = {isa = PBXBuildFile; fileRef = B10000024 /* MathProblem.swift */; };
		A10000026 /* MathTopic.swift in Sources */ = {isa = PBXBuildFile; fileRef = B10000026 /* MathTopic.swift */; };
		A10000027 /* PlayerProgress.swift in Sources */ = {isa = PBXBuildFile; fileRef = B10000027 /* PlayerProgress.swift */; };
		A10000033 /* Grade.swift in Sources */ = {isa = PBXBuildFile; fileRef = B10000034 /* Grade.swift */; };
		A10000034 /* Curriculum.swift in Sources */ = {isa = PBXBuildFile; fileRef = B10000035 /* Curriculum.swift */; };
		A10000035 /* Badge.swift in Sources */ = {isa = PBXBuildFile; fileRef = B10000036 /* Badge.swift */; };
		A10000036 /* BadgeManager.swift in Sources */ = {isa = PBXBuildFile; fileRef = B10000037 /* BadgeManager.swift */; };
		A10000037 /* GradeSelectScene.swift in Sources */ = {isa = PBXBuildFile; fileRef = B10000038 /* GradeSelectScene.swift */; };
		A10000038 /* TopicSelectScene.swift in Sources */ = {isa = PBXBuildFile; fileRef = B10000039 /* TopicSelectScene.swift */; };
		A10000039 /* BadgeRoomScene.swift in Sources */ = {isa = PBXBuildFile; fileRef = B10000040 /* BadgeRoomScene.swift */; };
		A10000040 /* BadgeCelebrationScene.swift in Sources */ = {isa = PBXBuildFile; fileRef = B10000041 /* BadgeCelebrationScene.swift */; };
		A10000028 /* HUDNode.swift in Sources */ = {isa = PBXBuildFile; fileRef = B10000028 /* HUDNode.swift */; };
		A10000029 /* TouchControlsNode.swift in Sources */ = {isa = PBXBuildFile; fileRef = B10000029 /* TouchControlsNode.swift */; };
		A10000030 /* ProblemDisplayNode.swift in Sources */ = {isa = PBXBuildFile; fileRef = B10000030 /* ProblemDisplayNode.swift */; };
		A10000031 /* StarRatingNode.swift in Sources */ = {isa = PBXBuildFile; fileRef = B10000031 /* StarRatingNode.swift */; };
		A10000032 /* BackgroundAsteroid.swift in Sources */ = {isa = PBXBuildFile; fileRef = B10000033 /* BackgroundAsteroid.swift */; };
		A10000042 /* SafeAreaHelper.swift in Sources */ = {isa = PBXBuildFile; fileRef = B10000042 /* SafeAreaHelper.swift */; };
		A10000044 /* MotherMeteorNode.swift in Sources */ = {isa = PBXBuildFile; fileRef = B10000044 /* MotherMeteorNode.swift */; };
		A10000045 /* ReadingDifficulty.swift in Sources */ = {isa = PBXBuildFile; fileRef = B10000045 /* ReadingDifficulty.swift */; };
		A10000050 /* Spaceship_0.png in Resources */ = {isa = PBXBuildFile; fileRef = B10000050 /* Spaceship_0.png */; };
		A10000051 /* Spaceship_1.png in Resources */ = {isa = PBXBuildFile; fileRef = B10000051 /* Spaceship_1.png */; };
		A10000052 /* Spaceship_2.png in Resources */ = {isa = PBXBuildFile; fileRef = B10000052 /* Spaceship_2.png */; };
		A10000053 /* Spaceship_3.png in Resources */ = {isa = PBXBuildFile; fileRef = B10000053 /* Spaceship_3.png */; };
		A10000054 /* Spaceship_4.png in Resources */ = {isa = PBXBuildFile; fileRef = B10000054 /* Spaceship_4.png */; };
		A10000055 /* Spaceship_5.png in Resources */ = {isa = PBXBuildFile; fileRef = B10000055 /* Spaceship_5.png */; };
		A10000056 /* Spaceship_6.png in Resources */ = {isa = PBXBuildFile; fileRef = B10000056 /* Spaceship_6.png */; };
		A10000057 /* Spaceship_7.png in Resources */ = {isa = PBXBuildFile; fileRef = B10000057 /* Spaceship_7.png */; };
		A10000058 /* Spaceship_8.png in Resources */ = {isa = PBXBuildFile; fileRef = B10000058 /* Spaceship_8.png */; };
		A10000059 /* Spaceship_9.png in Resources */ = {isa = PBXBuildFile; fileRef = B10000059 /* Spaceship_9.png */; };
		A10000060 /* Spaceship_10.png in Resources */ = {isa = PBXBuildFile; fileRef = B10000060 /* Spaceship_10.png */; };
		A10000061 /* Spaceship_11.png in Resources */ = {isa = PBXBuildFile; fileRef = B10000061 /* Spaceship_11.png */; };
		A10000062 /* Spaceship_12.png in Resources */ = {isa = PBXBuildFile; fileRef = B10000062 /* Spaceship_12.png */; };
/* End PBXBuildFile section */

/* Begin PBXFileReference section */
		B10000001 /* AppDelegate.swift */ = {isa = PBXFileReference; lastKnownFileType = sourcecode.swift; path = AppDelegate.swift; sourceTree = "<group>"; };
		B10000002 /* SceneDelegate.swift */ = {isa = PBXFileReference; lastKnownFileType = sourcecode.swift; path = SceneDelegate.swift; sourceTree = "<group>"; };
		B10000003 /* GameViewController.swift */ = {isa = PBXFileReference; lastKnownFileType = sourcecode.swift; path = GameViewController.swift; sourceTree = "<group>"; };
		B10000004 /* TitleScene.swift */ = {isa = PBXFileReference; lastKnownFileType = sourcecode.swift; path = TitleScene.swift; sourceTree = "<group>"; };
		B10000005 /* ProfileSelectScene.swift */ = {isa = PBXFileReference; lastKnownFileType = sourcecode.swift; path = ProfileSelectScene.swift; sourceTree = "<group>"; };
		B10000006 /* GameScene.swift */ = {isa = PBXFileReference; lastKnownFileType = sourcecode.swift; path = GameScene.swift; sourceTree = "<group>"; };
		B10000007 /* LevelClearScene.swift */ = {isa = PBXFileReference; lastKnownFileType = sourcecode.swift; path = LevelClearScene.swift; sourceTree = "<group>"; };
		B10000008 /* GameOverScene.swift */ = {isa = PBXFileReference; lastKnownFileType = sourcecode.swift; path = GameOverScene.swift; sourceTree = "<group>"; };
		B10000009 /* PlayerShip.swift */ = {isa = PBXFileReference; lastKnownFileType = sourcecode.swift; path = PlayerShip.swift; sourceTree = "<group>"; };
		B10000010 /* BeamGrid.swift */ = {isa = PBXFileReference; lastKnownFileType = sourcecode.swift; path = BeamGrid.swift; sourceTree = "<group>"; };
		B10000011 /* NumberEnemy.swift */ = {isa = PBXFileReference; lastKnownFileType = sourcecode.swift; path = NumberEnemy.swift; sourceTree = "<group>"; };
		B10000012 /* LaserBeam.swift */ = {isa = PBXFileReference; lastKnownFileType = sourcecode.swift; path = LaserBeam.swift; sourceTree = "<group>"; };
		B10000013 /* Torpedo.swift */ = {isa = PBXFileReference; lastKnownFileType = sourcecode.swift; path = Torpedo.swift; sourceTree = "<group>"; };
		B10000014 /* Explosion.swift */ = {isa = PBXFileReference; lastKnownFileType = sourcecode.swift; path = Explosion.swift; sourceTree = "<group>"; };
		B10000015 /* StarField.swift */ = {isa = PBXFileReference; lastKnownFileType = sourcecode.swift; path = StarField.swift; sourceTree = "<group>"; };
		B10000016 /* ConfettiNode.swift */ = {isa = PBXFileReference; lastKnownFileType = sourcecode.swift; path = ConfettiNode.swift; sourceTree = "<group>"; };
		B10000017 /* SectorSentinel.swift */ = {isa = PBXFileReference; lastKnownFileType = sourcecode.swift; path = SectorSentinel.swift; sourceTree = "<group>"; };
		B10000018 /* GameManager.swift */ = {isa = PBXFileReference; lastKnownFileType = sourcecode.swift; path = GameManager.swift; sourceTree = "<group>"; };
		B10000019 /* MathEngine.swift */ = {isa = PBXFileReference; lastKnownFileType = sourcecode.swift; path = MathEngine.swift; sourceTree = "<group>"; };
		B10000020 /* WaveManager.swift */ = {isa = PBXFileReference; lastKnownFileType = sourcecode.swift; path = WaveManager.swift; sourceTree = "<group>"; };
		B10000021 /* AudioManager.swift */ = {isa = PBXFileReference; lastKnownFileType = sourcecode.swift; path = AudioManager.swift; sourceTree = "<group>"; };
		B10000022 /* ProgressManager.swift */ = {isa = PBXFileReference; lastKnownFileType = sourcecode.swift; path = ProgressManager.swift; sourceTree = "<group>"; };
		B10000023 /* AdaptiveDifficulty.swift */ = {isa = PBXFileReference; lastKnownFileType = sourcecode.swift; path = AdaptiveDifficulty.swift; sourceTree = "<group>"; };
		B10000024 /* MathProblem.swift */ = {isa = PBXFileReference; lastKnownFileType = sourcecode.swift; path = MathProblem.swift; sourceTree = "<group>"; };
		B10000026 /* MathTopic.swift */ = {isa = PBXFileReference; lastKnownFileType = sourcecode.swift; path = MathTopic.swift; sourceTree = "<group>"; };
		B10000027 /* PlayerProgress.swift */ = {isa = PBXFileReference; lastKnownFileType = sourcecode.swift; path = PlayerProgress.swift; sourceTree = "<group>"; };
		B10000034 /* Grade.swift */ = {isa = PBXFileReference; lastKnownFileType = sourcecode.swift; path = Grade.swift; sourceTree = "<group>"; };
		B10000035 /* Curriculum.swift */ = {isa = PBXFileReference; lastKnownFileType = sourcecode.swift; path = Curriculum.swift; sourceTree = "<group>"; };
		B10000036 /* Badge.swift */ = {isa = PBXFileReference; lastKnownFileType = sourcecode.swift; path = Badge.swift; sourceTree = "<group>"; };
		B10000037 /* BadgeManager.swift */ = {isa = PBXFileReference; lastKnownFileType = sourcecode.swift; path = BadgeManager.swift; sourceTree = "<group>"; };
		B10000038 /* GradeSelectScene.swift */ = {isa = PBXFileReference; lastKnownFileType = sourcecode.swift; path = GradeSelectScene.swift; sourceTree = "<group>"; };
		B10000039 /* TopicSelectScene.swift */ = {isa = PBXFileReference; lastKnownFileType = sourcecode.swift; path = TopicSelectScene.swift; sourceTree = "<group>"; };
		B10000040 /* BadgeRoomScene.swift */ = {isa = PBXFileReference; lastKnownFileType = sourcecode.swift; path = BadgeRoomScene.swift; sourceTree = "<group>"; };
		B10000041 /* BadgeCelebrationScene.swift */ = {isa = PBXFileReference; lastKnownFileType = sourcecode.swift; path = BadgeCelebrationScene.swift; sourceTree = "<group>"; };
		B10000028 /* HUDNode.swift */ = {isa = PBXFileReference; lastKnownFileType = sourcecode.swift; path = HUDNode.swift; sourceTree = "<group>"; };
		B10000029 /* TouchControlsNode.swift */ = {isa = PBXFileReference; lastKnownFileType = sourcecode.swift; path = TouchControlsNode.swift; sourceTree = "<group>"; };
		B10000030 /* ProblemDisplayNode.swift */ = {isa = PBXFileReference; lastKnownFileType = sourcecode.swift; path = ProblemDisplayNode.swift; sourceTree = "<group>"; };
		B10000031 /* StarRatingNode.swift */ = {isa = PBXFileReference; lastKnownFileType = sourcecode.swift; path = StarRatingNode.swift; sourceTree = "<group>"; };
		B10000032 /* Info.plist */ = {isa = PBXFileReference; lastKnownFileType = text.plist.xml; path = Info.plist; sourceTree = "<group>"; };
		B10000033 /* BackgroundAsteroid.swift */ = {isa = PBXFileReference; lastKnownFileType = sourcecode.swift; path = BackgroundAsteroid.swift; sourceTree = "<group>"; };
		B10000042 /* SafeAreaHelper.swift */ = {isa = PBXFileReference; lastKnownFileType = sourcecode.swift; path = SafeAreaHelper.swift; sourceTree = "<group>"; };
		B10000044 /* MotherMeteorNode.swift */ = {isa = PBXFileReference; lastKnownFileType = sourcecode.swift; path = MotherMeteorNode.swift; sourceTree = "<group>"; };
		B10000045 /* ReadingDifficulty.swift */ = {isa = PBXFileReference; lastKnownFileType = sourcecode.swift; path = ReadingDifficulty.swift; sourceTree = "<group>"; };
		C10000001 /* GalacticMath.app */ = {isa = PBXFileReference; explicitFileType = wrapper.application; includeInIndex = 0; path = GalacticMath.app; sourceTree = BUILT_PRODUCTS_DIR; };
		B10000050 /* Spaceship_0.png */ = {isa = PBXFileReference; lastKnownFileType = image.png; path = Spaceship_0.png; sourceTree = "<group>"; };
		B10000051 /* Spaceship_1.png */ = {isa = PBXFileReference; lastKnownFileType = image.png; path = Spaceship_1.png; sourceTree = "<group>"; };
		B10000052 /* Spaceship_2.png */ = {isa = PBXFileReference; lastKnownFileType = image.png; path = Spaceship_2.png; sourceTree = "<group>"; };
		B10000053 /* Spaceship_3.png */ = {isa = PBXFileReference; lastKnownFileType = image.png; path = Spaceship_3.png; sourceTree = "<group>"; };
		B10000054 /* Spaceship_4.png */ = {isa = PBXFileReference; lastKnownFileType = image.png; path = Spaceship_4.png; sourceTree = "<group>"; };
		B10000055 /* Spaceship_5.png */ = {isa = PBXFileReference; lastKnownFileType = image.png; path = Spaceship_5.png; sourceTree = "<group>"; };
		B10000056 /* Spaceship_6.png */ = {isa = PBXFileReference; lastKnownFileType = image.png; path = Spaceship_6.png; sourceTree = "<group>"; };
		B10000057 /* Spaceship_7.png */ = {isa = PBXFileReference; lastKnownFileType = image.png; path = Spaceship_7.png; sourceTree = "<group>"; };
		B10000058 /* Spaceship_8.png */ = {isa = PBXFileReference; lastKnownFileType = image.png; path = Spaceship_8.png; sourceTree = "<group>"; };
		B10000059 /* Spaceship_9.png */ = {isa = PBXFileReference; lastKnownFileType = image.png; path = Spaceship_9.png; sourceTree = "<group>"; };
		B10000060 /* Spaceship_10.png */ = {isa = PBXFileReference; lastKnownFileType = image.png; path = Spaceship_10.png; sourceTree = "<group>"; };
		B10000061 /* Spaceship_11.png */ = {isa = PBXFileReference; lastKnownFileType = image.png; path = Spaceship_11.png; sourceTree = "<group>"; };
		B10000062 /* Spaceship_12.png */ = {isa = PBXFileReference; lastKnownFileType = image.png; path = Spaceship_12.png; sourceTree = "<group>"; };
/* End PBXFileReference section */

/* Begin PBXFrameworksBuildPhase section */
		D10000001 /* Frameworks */ = {
			isa = PBXFrameworksBuildPhase;
			buildActionMask = 2147483647;
			files = (
			);
			runOnlyForDeploymentPostprocessing = 0;
		};
/* End PBXFrameworksBuildPhase section */

/* Begin PBXGroup section */
		E10000001 = {
			isa = PBXGroup;
			children = (
				E10000002 /* GalacticMath */,
				E10000008 /* Products */,
			);
			sourceTree = "<group>";
		};
		E10000002 /* GalacticMath */ = {
			isa = PBXGroup;
			children = (
				B10000001 /* AppDelegate.swift */,
				B10000002 /* SceneDelegate.swift */,
				B10000003 /* GameViewController.swift */,
				B10000032 /* Info.plist */,
				E10000003 /* Scenes */,
				E10000004 /* Nodes */,
				E10000005 /* Systems */,
				E10000006 /* Models */,
				E10000007 /* UI */,
				E10000009 /* Space Pack */,
			);
			path = GalacticMath;
			sourceTree = "<group>";
		};
		E10000003 /* Scenes */ = {
			isa = PBXGroup;
			children = (
				B10000004 /* TitleScene.swift */,
				B10000005 /* ProfileSelectScene.swift */,
				B10000038 /* GradeSelectScene.swift */,
				B10000039 /* TopicSelectScene.swift */,
				B10000006 /* GameScene.swift */,
				B10000007 /* LevelClearScene.swift */,
				B10000008 /* GameOverScene.swift */,
				B10000040 /* BadgeRoomScene.swift */,
				B10000041 /* BadgeCelebrationScene.swift */,
			);
			path = Scenes;
			sourceTree = "<group>";
		};
		E10000004 /* Nodes */ = {
			isa = PBXGroup;
			children = (
				B10000009 /* PlayerShip.swift */,
				B10000010 /* BeamGrid.swift */,
				B10000011 /* NumberEnemy.swift */,
				B10000012 /* LaserBeam.swift */,
				B10000013 /* Torpedo.swift */,
				B10000014 /* Explosion.swift */,
				B10000015 /* StarField.swift */,
				B10000016 /* ConfettiNode.swift */,
				B10000017 /* SectorSentinel.swift */,
				B10000033 /* BackgroundAsteroid.swift */,
				B10000044 /* MotherMeteorNode.swift */,
			);
			path = Nodes;
			sourceTree = "<group>";
		};
		E10000005 /* Systems */ = {
			isa = PBXGroup;
			children = (
				B10000018 /* GameManager.swift */,
				B10000019 /* MathEngine.swift */,
				B10000020 /* WaveManager.swift */,
				B10000021 /* AudioManager.swift */,
				B10000022 /* ProgressManager.swift */,
				B10000023 /* AdaptiveDifficulty.swift */,
				B10000037 /* BadgeManager.swift */,
			);
			path = Systems;
			sourceTree = "<group>";
		};
		E10000006 /* Models */ = {
			isa = PBXGroup;
			children = (
				B10000024 /* MathProblem.swift */,
				B10000034 /* Grade.swift */,
				B10000035 /* Curriculum.swift */,
				B10000036 /* Badge.swift */,
				B10000026 /* MathTopic.swift */,
				B10000027 /* PlayerProgress.swift */,
			);
			path = Models;
			sourceTree = "<group>";
		};
		E10000007 /* UI */ = {
			isa = PBXGroup;
			children = (
				B10000028 /* HUDNode.swift */,
				B10000029 /* TouchControlsNode.swift */,
				B10000030 /* ProblemDisplayNode.swift */,
				B10000031 /* StarRatingNode.swift */,
				B10000042 /* SafeAreaHelper.swift */,
				B10000045 /* ReadingDifficulty.swift */,
			);
			path = UI;
			sourceTree = "<group>";
		};
		E10000008 /* Products */ = {
			isa = PBXGroup;
			children = (
				C10000001 /* GalacticMath.app */,
			);
			name = Products;
			sourceTree = "<group>";
		};
		E10000009 /* Space Pack */ = {
			isa = PBXGroup;
			children = (
				E10000010 /* Ships */,
			);
			path = "Space Pack";
			sourceTree = "<group>";
		};
		E10000010 /* Ships */ = {
			isa = PBXGroup;
			children = (
				B10000050 /* Spaceship_0.png */,
				B10000051 /* Spaceship_1.png */,
				B10000052 /* Spaceship_2.png */,
				B10000053 /* Spaceship_3.png */,
				B10000054 /* Spaceship_4.png */,
				B10000055 /* Spaceship_5.png */,
				B10000056 /* Spaceship_6.png */,
				B10000057 /* Spaceship_7.png */,
				B10000058 /* Spaceship_8.png */,
				B10000059 /* Spaceship_9.png */,
				B10000060 /* Spaceship_10.png */,
				B10000061 /* Spaceship_11.png */,
				B10000062 /* Spaceship_12.png */,
			);
			path = Ships;
			sourceTree = "<group>";
		};
/* End PBXGroup section */

/* Begin PBXNativeTarget section */
		F10000001 /* GalacticMath */ = {
			isa = PBXNativeTarget;
			buildConfigurationList = G10000003 /* Build configuration list for PBXNativeTarget "GalacticMath" */;
			buildPhases = (
				F10000002 /* Sources */,
				D10000001 /* Frameworks */,
				F10000003 /* Resources */,
			);
			buildRules = (
			);
			dependencies = (
			);
			name = GalacticMath;
			productName = GalacticMath;
			productReference = C10000001 /* GalacticMath.app */;
			productType = "com.apple.product-type.application";
		};
/* End PBXNativeTarget section */

/* Begin PBXProject section */
		H10000001 /* Project object */ = {
			isa = PBXProject;
			attributes = {
				BuildIndependentTargetsInParallel = 1;
				LastSwiftUpdateCheck = 1500;
				LastUpgradeCheck = 2630;
				TargetAttributes = {
					F10000001 = {
						CreatedOnToolsVersion = 15.0;
					};
				};
			};
			buildConfigurationList = G10000001 /* Build configuration list for PBXProject "GalacticMath" */;
			compatibilityVersion = "Xcode 14.0";
			developmentRegion = en;
			hasScannedForEncodings = 0;
			knownRegions = (
				en,
				Base,
			);
			mainGroup = E10000001;
			productRefGroup = E10000008 /* Products */;
			projectDirPath = "";
			projectRoot = "";
			targets = (
				F10000001 /* GalacticMath */,
			);
		};
/* End PBXProject section */

/* Begin PBXResourcesBuildPhase section */
		F10000003 /* Resources */ = {
			isa = PBXResourcesBuildPhase;
			buildActionMask = 2147483647;
			files = (
				A10000050 /* Spaceship_0.png in Resources */,
				A10000051 /* Spaceship_1.png in Resources */,
				A10000052 /* Spaceship_2.png in Resources */,
				A10000053 /* Spaceship_3.png in Resources */,
				A10000054 /* Spaceship_4.png in Resources */,
				A10000055 /* Spaceship_5.png in Resources */,
				A10000056 /* Spaceship_6.png in Resources */,
				A10000057 /* Spaceship_7.png in Resources */,
				A10000058 /* Spaceship_8.png in Resources */,
				A10000059 /* Spaceship_9.png in Resources */,
				A10000060 /* Spaceship_10.png in Resources */,
				A10000061 /* Spaceship_11.png in Resources */,
				A10000062 /* Spaceship_12.png in Resources */,
			);
			runOnlyForDeploymentPostprocessing = 0;
		};
/* End PBXResourcesBuildPhase section */

/* Begin PBXSourcesBuildPhase section */
		F10000002 /* Sources */ = {
			isa = PBXSourcesBuildPhase;
			buildActionMask = 2147483647;
			files = (
				A10000001 /* AppDelegate.swift in Sources */,
				A10000002 /* SceneDelegate.swift in Sources */,
				A10000003 /* GameViewController.swift in Sources */,
				A10000004 /* TitleScene.swift in Sources */,
				A10000005 /* ProfileSelectScene.swift in Sources */,
				A10000006 /* GameScene.swift in Sources */,
				A10000007 /* LevelClearScene.swift in Sources */,
				A10000008 /* GameOverScene.swift in Sources */,
				A10000009 /* PlayerShip.swift in Sources */,
				A10000010 /* BeamGrid.swift in Sources */,
				A10000011 /* NumberEnemy.swift in Sources */,
				A10000012 /* LaserBeam.swift in Sources */,
				A10000013 /* Torpedo.swift in Sources */,
				A10000014 /* Explosion.swift in Sources */,
				A10000015 /* StarField.swift in Sources */,
				A10000016 /* ConfettiNode.swift in Sources */,
				A10000017 /* SectorSentinel.swift in Sources */,
				A10000018 /* GameManager.swift in Sources */,
				A10000019 /* MathEngine.swift in Sources */,
				A10000020 /* WaveManager.swift in Sources */,
				A10000021 /* AudioManager.swift in Sources */,
				A10000022 /* ProgressManager.swift in Sources */,
				A10000023 /* AdaptiveDifficulty.swift in Sources */,
				A10000024 /* MathProblem.swift in Sources */,
				A10000033 /* Grade.swift in Sources */,
				A10000034 /* Curriculum.swift in Sources */,
				A10000035 /* Badge.swift in Sources */,
				A10000036 /* BadgeManager.swift in Sources */,
				A10000037 /* GradeSelectScene.swift in Sources */,
				A10000038 /* TopicSelectScene.swift in Sources */,
				A10000039 /* BadgeRoomScene.swift in Sources */,
				A10000040 /* BadgeCelebrationScene.swift in Sources */,
				A10000026 /* MathTopic.swift in Sources */,
				A10000027 /* PlayerProgress.swift in Sources */,
				A10000028 /* HUDNode.swift in Sources */,
				A10000029 /* TouchControlsNode.swift in Sources */,
				A10000030 /* ProblemDisplayNode.swift in Sources */,
				A10000031 /* StarRatingNode.swift in Sources */,
				A10000032 /* BackgroundAsteroid.swift in Sources */,
				A10000042 /* SafeAreaHelper.swift in Sources */,
				A10000044 /* MotherMeteorNode.swift in Sources */,
				A10000045 /* ReadingDifficulty.swift in Sources */,
			);
			runOnlyForDeploymentPostprocessing = 0;
		};
/* End PBXSourcesBuildPhase section */

/* Begin XCBuildConfiguration section */
		G10000004 /* Debug */ = {
			isa = XCBuildConfiguration;
			buildSettings = {
				ALWAYS_SEARCH_USER_PATHS = NO;
				ASSETCATALOG_COMPILER_GENERATE_SWIFT_ASSET_SYMBOL_EXTENSIONS = YES;
				CLANG_ANALYZER_NONNULL = YES;
				CLANG_ANALYZER_NUMBER_OBJECT_CONVERSION = YES_AGGRESSIVE;
				CLANG_CXX_LANGUAGE_STANDARD = "gnu++20";
				CLANG_ENABLE_MODULES = YES;
				CLANG_ENABLE_OBJC_ARC = YES;
				CLANG_ENABLE_OBJC_WEAK = YES;
				CLANG_WARN_BLOCK_CAPTURE_AUTORELEASING = YES;
				CLANG_WARN_BOOL_CONVERSION = YES;
				CLANG_WARN_COMMA = YES;
				CLANG_WARN_CONSTANT_CONVERSION = YES;
				CLANG_WARN_DEPRECATED_OBJC_IMPLEMENTATIONS = YES;
				CLANG_WARN_DIRECT_OBJC_ISA_USAGE = YES_ERROR;
				CLANG_WARN_DOCUMENTATION_COMMENTS = YES;
				CLANG_WARN_EMPTY_BODY = YES;
				CLANG_WARN_ENUM_CONVERSION = YES;
				CLANG_WARN_INFINITE_RECURSION = YES;
				CLANG_WARN_INT_CONVERSION = YES;
				CLANG_WARN_NON_LITERAL_NULL_CONVERSION = YES;
				CLANG_WARN_OBJC_IMPLICIT_RETAIN_SELF = YES;
				CLANG_WARN_OBJC_LITERAL_CONVERSION = YES;
				CLANG_WARN_OBJC_ROOT_CLASS = YES_ERROR;
				CLANG_WARN_QUOTED_INCLUDE_IN_FRAMEWORK_HEADER = YES;
				CLANG_WARN_RANGE_LOOP_ANALYSIS = YES;
				CLANG_WARN_STRICT_PROTOTYPES = YES;
				CLANG_WARN_SUSPICIOUS_MOVE = YES;
				CLANG_WARN_UNGUARDED_AVAILABILITY = YES_AGGRESSIVE;
				CLANG_WARN_UNREACHABLE_CODE = YES;
				CLANG_WARN__DUPLICATE_METHOD_MATCH = YES;
				COPY_PHASE_STRIP = NO;
				DEBUG_INFORMATION_FORMAT = dwarf;
				ENABLE_STRICT_OBJC_MSGSEND = YES;
				ENABLE_TESTABILITY = YES;
				ENABLE_USER_SCRIPT_SANDBOXING = YES;
				GCC_C_LANGUAGE_STANDARD = gnu17;
				GCC_DYNAMIC_NO_PIC = NO;
				GCC_NO_COMMON_BLOCKS = YES;
				GCC_OPTIMIZATION_LEVEL = 0;
				GCC_PREPROCESSOR_DEFINITIONS = (
					"DEBUG=1",
					"$(inherited)",
				);
				GCC_WARN_64_TO_32_BIT_CONVERSION = YES;
				GCC_WARN_ABOUT_RETURN_TYPE = YES_ERROR;
				GCC_WARN_UNDECLARED_SELECTOR = YES;
				GCC_WARN_UNINITIALIZED_AUTOS = YES_AGGRESSIVE;
				GCC_WARN_UNUSED_FUNCTION = YES;
				GCC_WARN_UNUSED_VARIABLE = YES;
				IPHONEOS_DEPLOYMENT_TARGET = 16.0;
				MTL_ENABLE_DEBUG_INFO = INCLUDE_SOURCE;
				MTL_FAST_MATH = YES;
				ONLY_ACTIVE_ARCH = YES;
				SDKROOT = iphoneos;
				STRING_CATALOG_GENERATE_SYMBOLS = YES;
				SWIFT_ACTIVE_COMPILATION_CONDITIONS = "DEBUG $(inherited)";
				SWIFT_OPTIMIZATION_LEVEL = "-Onone";
			};
			name = Debug;
		};
		G10000005 /* Release */ = {
			isa = XCBuildConfiguration;
			buildSettings = {
				ALWAYS_SEARCH_USER_PATHS = NO;
				ASSETCATALOG_COMPILER_GENERATE_SWIFT_ASSET_SYMBOL_EXTENSIONS = YES;
				CLANG_ANALYZER_NONNULL = YES;
				CLANG_ANALYZER_NUMBER_OBJECT_CONVERSION = YES_AGGRESSIVE;
				CLANG_CXX_LANGUAGE_STANDARD = "gnu++20";
				CLANG_ENABLE_MODULES = YES;
				CLANG_ENABLE_OBJC_ARC = YES;
				CLANG_ENABLE_OBJC_WEAK = YES;
				CLANG_WARN_BLOCK_CAPTURE_AUTORELEASING = YES;
				CLANG_WARN_BOOL_CONVERSION = YES;
				CLANG_WARN_COMMA = YES;
				CLANG_WARN_CONSTANT_CONVERSION = YES;
				CLANG_WARN_DEPRECATED_OBJC_IMPLEMENTATIONS = YES;
				CLANG_WARN_DIRECT_OBJC_ISA_USAGE = YES_ERROR;
				CLANG_WARN_DOCUMENTATION_COMMENTS = YES;
				CLANG_WARN_EMPTY_BODY = YES;
				CLANG_WARN_ENUM_CONVERSION = YES;
				CLANG_WARN_INFINITE_RECURSION = YES;
				CLANG_WARN_INT_CONVERSION = YES;
				CLANG_WARN_NON_LITERAL_NULL_CONVERSION = YES;
				CLANG_WARN_OBJC_IMPLICIT_RETAIN_SELF = YES;
				CLANG_WARN_OBJC_LITERAL_CONVERSION = YES;
				CLANG_WARN_OBJC_ROOT_CLASS = YES_ERROR;
				CLANG_WARN_QUOTED_INCLUDE_IN_FRAMEWORK_HEADER = YES;
				CLANG_WARN_RANGE_LOOP_ANALYSIS = YES;
				CLANG_WARN_STRICT_PROTOTYPES = YES;
				CLANG_WARN_SUSPICIOUS_MOVE = YES;
				CLANG_WARN_UNGUARDED_AVAILABILITY = YES_AGGRESSIVE;
				CLANG_WARN_UNREACHABLE_CODE = YES;
				CLANG_WARN__DUPLICATE_METHOD_MATCH = YES;
				COPY_PHASE_STRIP = NO;
				DEBUG_INFORMATION_FORMAT = "dwarf-with-dsym";
				ENABLE_NS_ASSERTIONS = NO;
				ENABLE_STRICT_OBJC_MSGSEND = YES;
				ENABLE_USER_SCRIPT_SANDBOXING = YES;
				GCC_C_LANGUAGE_STANDARD = gnu17;
				GCC_NO_COMMON_BLOCKS = YES;
				GCC_WARN_64_TO_32_BIT_CONVERSION = YES;
				GCC_WARN_ABOUT_RETURN_TYPE = YES_ERROR;
				GCC_WARN_UNDECLARED_SELECTOR = YES;
				GCC_WARN_UNINITIALIZED_AUTOS = YES_AGGRESSIVE;
				GCC_WARN_UNUSED_FUNCTION = YES;
				GCC_WARN_UNUSED_VARIABLE = YES;
				IPHONEOS_DEPLOYMENT_TARGET = 16.0;
				MTL_ENABLE_DEBUG_INFO = NO;
				MTL_FAST_MATH = YES;
				SDKROOT = iphoneos;
				STRING_CATALOG_GENERATE_SYMBOLS = YES;
				SWIFT_COMPILATION_MODE = wholemodule;
				VALIDATE_PRODUCT = YES;
			};
			name = Release;
		};
		G10000006 /* Debug */ = {
			isa = XCBuildConfiguration;
			buildSettings = {
				ASSETCATALOG_COMPILER_APPICON_NAME = AppIcon;
				CODE_SIGN_STYLE = Automatic;
				CURRENT_PROJECT_VERSION = 1;
				DEVELOPMENT_TEAM = ZLK9X7XLX6;
				GENERATE_INFOPLIST_FILE = NO;
				INFOPLIST_FILE = GalacticMath/Info.plist;
				INFOPLIST_KEY_CFBundleDisplayName = "Galactic Math";
				INFOPLIST_KEY_LSApplicationCategoryType = "public.app-category.kids-games";
				INFOPLIST_KEY_UIApplicationSupportsIndirectInputEvents = YES;
				INFOPLIST_KEY_UILaunchScreen_Generation = YES;
				INFOPLIST_KEY_UISupportedInterfaceOrientations = UIInterfaceOrientationPortrait;
				IPHONEOS_DEPLOYMENT_TARGET = 16.0;
				LD_RUNPATH_SEARCH_PATHS = (
					"$(inherited)",
					"@executable_path/Frameworks",
				);
				MARKETING_VERSION = 1.0;
				PRODUCT_BUNDLE_IDENTIFIER = com.galacticmath.app;
				PRODUCT_NAME = "$(TARGET_NAME)";
				SUPPORTED_PLATFORMS = "iphoneos iphonesimulator";
				SUPPORTS_MACCATALYST = NO;
				SWIFT_EMIT_LOC_STRINGS = YES;
				SWIFT_VERSION = 5.0;
				TARGETED_DEVICE_FAMILY = "1,2";
			};
			name = Debug;
		};
		G10000007 /* Release */ = {
			isa = XCBuildConfiguration;
			buildSettings = {
				ASSETCATALOG_COMPILER_APPICON_NAME = AppIcon;
				CODE_SIGN_STYLE = Automatic;
				CURRENT_PROJECT_VERSION = 1;
				DEVELOPMENT_TEAM = ZLK9X7XLX6;
				GENERATE_INFOPLIST_FILE = NO;
				INFOPLIST_FILE = GalacticMath/Info.plist;
				INFOPLIST_KEY_CFBundleDisplayName = "Galactic Math";
				INFOPLIST_KEY_LSApplicationCategoryType = "public.app-category.kids-games";
				INFOPLIST_KEY_UIApplicationSupportsIndirectInputEvents = YES;
				INFOPLIST_KEY_UILaunchScreen_Generation = YES;
				INFOPLIST_KEY_UISupportedInterfaceOrientations = UIInterfaceOrientationPortrait;
				IPHONEOS_DEPLOYMENT_TARGET = 16.0;
				LD_RUNPATH_SEARCH_PATHS = (
					"$(inherited)",
					"@executable_path/Frameworks",
				);
				MARKETING_VERSION = 1.0;
				PRODUCT_BUNDLE_IDENTIFIER = com.galacticmath.app;
				PRODUCT_NAME = "$(TARGET_NAME)";
				SUPPORTED_PLATFORMS = "iphoneos iphonesimulator";
				SUPPORTS_MACCATALYST = NO;
				SWIFT_EMIT_LOC_STRINGS = YES;
				SWIFT_VERSION = 5.0;
				TARGETED_DEVICE_FAMILY = "1,2";
			};
			name = Release;
		};
/* End XCBuildConfiguration section */

/* Begin XCConfigurationList section */
		G10000001 /* Build configuration list for PBXProject "GalacticMath" */ = {
			isa = XCConfigurationList;
			buildConfigurations = (
				G10000004 /* Debug */,
				G10000005 /* Release */,
			);
			defaultConfigurationIsVisible = 0;
			defaultConfigurationName = Release;
		};
		G10000003 /* Build configuration list for PBXNativeTarget "GalacticMath" */ = {
			isa = XCConfigurationList;
			buildConfigurations = (
				G10000006 /* Debug */,
				G10000007 /* Release */,
			);
			defaultConfigurationIsVisible = 0;
			defaultConfigurationName = Release;
		};
/* End XCConfigurationList section */
	};
	rootObject = H10000001 /* Project object */;
}
